// !$*UTF8*$!
{
	archiveVersion = 1;
	classes = {
	};
	objectVersion = 50;
	objects = {

/* Begin PBXBuildFile section */
		BFA64A08254FAB3A002E8ABE /* AppDelegate.swift in Sources */ = {isa = PBXBuildFile; fileRef = BFA64A07254FAB3A002E8ABE /* AppDelegate.swift */; };
		BFA64A0A254FAB3A002E8ABE /* SceneDelegate.swift in Sources */ = {isa = PBXBuildFile; fileRef = BFA64A09254FAB3A002E8ABE /* SceneDelegate.swift */; };
		BFA64A0C254FAB3A002E8ABE /* ViewController.swift in Sources */ = {isa = PBXBuildFile; fileRef = BFA64A0B254FAB3A002E8ABE /* ViewController.swift */; };
		BFA64A0F254FAB3A002E8ABE /* Main.storyboard in Resources */ = {isa = PBXBuildFile; fileRef = BFA64A0D254FAB3A002E8ABE /* Main.storyboard */; };
		BFA64A11254FAB3B002E8ABE /* Assets.xcassets in Resources */ = {isa = PBXBuildFile; fileRef = BFA64A10254FAB3B002E8ABE /* Assets.xcassets */; };
		BFA64A14254FAB3B002E8ABE /* LaunchScreen.storyboard in Resources */ = {isa = PBXBuildFile; fileRef = BFA64A12254FAB3B002E8ABE /* LaunchScreen.storyboard */; };
/* End PBXBuildFile section */

/* Begin PBXFileReference section */
		BFA64A04254FAB3A002E8ABE /* iOS14NewFeature.app */ = {isa = PBXFileReference; explicitFileType = wrapper.application; includeInIndex = 0; path = iOS14NewFeature.app; sourceTree = BUILT_PRODUCTS_DIR; };
		BFA64A07254FAB3A002E8ABE /* AppDelegate.swift */ = {isa = PBXFileReference; lastKnownFileType = sourcecode.swift; path = AppDelegate.swift; sourceTree = "<group>"; };
		BFA64A09254FAB3A002E8ABE /* SceneDelegate.swift */ = {isa = PBXFileReference; lastKnownFileType = sourcecode.swift; path = SceneDelegate.swift; sourceTree = "<group>"; };
		BFA64A0B254FAB3A002E8ABE /* ViewController.swift */ = {isa = PBXFileReference; lastKnownFileType = sourcecode.swift; path = ViewController.swift; sourceTree = "<group>"; };
		BFA64A0E254FAB3A002E8ABE /* Base */ = {isa = PBXFileReference; lastKnownFileType = file.storyboard; name = Base; path = Base.lproj/Main.storyboard; sourceTree = "<group>"; };
		BFA64A10254FAB3B002E8ABE /* Assets.xcassets */ = {isa = PBXFileReference; lastKnownFileType = folder.assetcatalog; path = Assets.xcassets; sourceTree = "<group>"; };
		BFA64A13254FAB3B002E8ABE /* Base */ = {isa = PBXFileReference; lastKnownFileType = file.storyboard; name = Base; path = Base.lproj/LaunchScreen.storyboard; sourceTree = "<group>"; };
		BFA64A15254FAB3B002E8ABE /* Info.plist */ = {isa = PBXFileReference; lastKnownFileType = text.plist.xml; path = Info.plist; sourceTree = "<group>"; };
/* End PBXFileReference section */

/* Begin PBXFrameworksBuildPhase section */
		BFA64A01254FAB3A002E8ABE /* Frameworks */ = {
			isa = PBXFrameworksBuildPhase;
			buildActionMask = 2147483647;
			files = (
			);
			runOnlyForDeploymentPostprocessing = 0;
		};
/* End PBXFrameworksBuildPhase section */

/* Begin PBXGroup section */
		BFA649FB254FAB3A002E8ABE = {
			isa = PBXGroup;
			children = (
				BFA64A06254FAB3A002E8ABE /* iOS14NewFeature */,
				BFA64A05254FAB3A002E8ABE /* Products */,
			);
			sourceTree = "<group>";
		};
		BFA64A05254FAB3A002E8ABE /* Products */ = {
			isa = PBXGroup;
			children = (
				BFA64A04254FAB3A002E8ABE /* iOS14NewFeature.app */,
			);
			name = Products;
			sourceTree = "<group>";
		};
		BFA64A06254FAB3A002E8ABE /* iOS14NewFeature */ = {
			isa = PBXGroup;
			children = (
				BFA64A07254FAB3A002E8ABE /* AppDelegate.swift */,
				BFA64A09254FAB3A002E8ABE /* SceneDelegate.swift */,
				BFA64A0B254FAB3A002E8ABE /* ViewController.swift */,
				BFA64A0D254FAB3A002E8ABE /* Main.storyboard */,
				BFA64A10254FAB3B002E8ABE /* Assets.xcassets */,
				BFA64A12254FAB3B002E8ABE /* LaunchScreen.storyboard */,
				BFA64A15254FAB3B002E8ABE /* Info.plist */,
			);
			path = iOS14NewFeature;
			sourceTree = "<group>";
		};
/* End PBXGroup section */

/* Begin PBXNativeTarget section */
		BFA64A03254FAB3A002E8ABE /* iOS14NewFeature */ = {
			isa = PBXNativeTarget;
			buildConfigurationList = BFA64A18254FAB3B002E8ABE /* Build configuration list for PBXNativeTarget "iOS14NewFeature" */;
			buildPhases = (
				BFA64A00254FAB3A002E8ABE /* Sources */,
				BFA64A01254FAB3A002E8ABE /* Frameworks */,
				BFA64A02254FAB3A002E8ABE /* Resources */,
			);
			buildRules = (
			);
			dependencies = (
			);
			name = iOS14NewFeature;
			productName = iOS14NewFeature;
			productReference = BFA64A04254FAB3A002E8ABE /* iOS14NewFeature.app */;
			productType = "com.apple.product-type.application";
		};
/* End PBXNativeTarget section */

/* Begin PBXProject section */
		BFA649FC254FAB3A002E8ABE /* Project object */ = {
			isa = PBXProject;
			attributes = {
				LastSwiftUpdateCheck = 1210;
				LastUpgradeCheck = 1210;
				TargetAttributes = {
					BFA64A03254FAB3A002E8ABE = {
						CreatedOnToolsVersion = 12.1;
					};
				};
			};
			buildConfigurationList = BFA649FF254FAB3A002E8ABE /* Build configuration list for PBXProject "iOS14NewFeature" */;
			compatibilityVersion = "Xcode 9.3";
			developmentRegion = en;
			hasScannedForEncodings = 0;
			knownRegions = (
				en,
				Base,
			);
			mainGroup = BFA649FB254FAB3A002E8ABE;
			productRefGroup = BFA64A05254FAB3A002E8ABE /* Products */;
			projectDirPath = "";
			projectRoot = "";
			targets = (
				BFA64A03254FAB3A002E8ABE /* iOS14NewFeature */,
			);
		};
/* End PBXProject section */

/* Begin PBXResourcesBuildPhase section */
		BFA64A02254FAB3A002E8ABE /* Resources */ = {
			isa = PBXResourcesBuildPhase;
			buildActionMask = 2147483647;
			files = (
				BFA64A14254FAB3B002E8ABE /* LaunchScreen.storyboard in Resources */,
				BFA64A11254FAB3B002E8ABE /* Assets.xcassets in Resources */,
				BFA64A0F254FAB3A002E8ABE /* Main.storyboard in Resources */,
			);
			runOnlyForDeploymentPostprocessing = 0;
		};
/* End PBXResourcesBuildPhase section */

/* Begin PBXSourcesBuildPhase section */
		BFA64A00254FAB3A002E8ABE /* Sources */ = {
			isa = PBXSourcesBuildPhase;
			buildActionMask = 2147483647;
			files = (
				BFA64A0C254FAB3A002E8ABE /* ViewController.swift in Sources */,
				BFA64A08254FAB3A002E8ABE /* AppDelegate.swift in Sources */,
				BFA64A0A254FAB3A002E8ABE /* SceneDelegate.swift in Sources */,
			);
			runOnlyForDeploymentPostprocessing = 0;
		};
/* End PBXSourcesBuildPhase section */

/* Begin PBXVariantGroup section */
		BFA64A0D254FAB3A002E8ABE /* Main.storyboard */ = {
			isa = PBXVariantGroup;
			children = (
				BFA64A0E254FAB3A002E8ABE /* Base */,
			);
			name = Main.storyboard;
			sourceTree = "<group>";
		};
		BFA64A12254FAB3B002E8ABE /* LaunchScreen.storyboard */ = {
			isa = PBXVariantGroup;
			children = (
				BFA64A13254FAB3B002E8ABE /* Base */,
			);
			name = LaunchScreen.storyboard;
			sourceTree = "<group>";
		};
/* End PBXVariantGroup section */

/* Begin XCBuildConfiguration section */
		BFA64A16254FAB3B002E8ABE /* Debug */ = {
			isa = XCBuildConfiguration;
			buildSettings = {
				ALWAYS_SEARCH_USER_PATHS = NO;
				CLANG_ANALYZER_NONNULL = YES;
				CLANG_ANALYZER_NUMBER_OBJECT_CONVERSION = YES_AGGRESSIVE;
				CLANG_CXX_LANGUAGE_STANDARD = "gnu++14";
				CLANG_CXX_LIBRARY = "libc++";
				CLANG_ENABLE_MODULES = YES;
				CLANG_ENABLE_OBJC_ARC = YES;
				CLANG_ENABLE_OBJC_WEAK = YES;
				CLANG_WARN_BLOCK_CAPTURE_AUTORELEASING = YES;
				CLANG_WARN_BOOL_CONVERSION = YES;
				CLANG_WARN_COMMA = YES;
				CLANG_WARN_CONSTANT_CONVERSION = YES;
				CLANG_WARN_DEPRECATED_OBJC_IMPLEMENTATIONS = YES;
				CLANG_WARN_DIRECT_OBJC_ISA_USAGE = YES_ERROR;
				CLANG_WARN_DOCUMENTATION_COMMENTS = YES;
				CLANG_WARN_EMPTY_BODY = YES;
				CLANG_WARN_ENUM_CONVERSION = YES;
				CLANG_WARN_INFINITE_RECURSION = YES;
				CLANG_WARN_INT_CONVERSION = YES;
				CLANG_WARN_NON_LITERAL_NULL_CONVERSION = YES;
				CLANG_WARN_OBJC_IMPLICIT_RETAIN_SELF = YES;
				CLANG_WARN_OBJC_LITERAL_CONVERSION = YES;
				CLANG_WARN_OBJC_ROOT_CLASS = YES_ERROR;
				CLANG_WARN_QUOTED_INCLUDE_IN_FRAMEWORK_HEADER = YES;
				CLANG_WARN_RANGE_LOOP_ANALYSIS = YES;
				CLANG_WARN_STRICT_PROTOTYPES = YES;
				CLANG_WARN_SUSPICIOUS_MOVE = YES;
				CLANG_WARN_UNGUARDED_AVAILABILITY = YES_AGGRESSIVE;
				CLANG_WARN_UNREACHABLE_CODE = YES;
				CLANG_WARN__DUPLICATE_METHOD_MATCH = YES;
				COPY_PHASE_STRIP = NO;
				DEBUG_INFORMATION_FORMAT = dwarf;
				ENABLE_STRICT_OBJC_MSGSEND = YES;
				ENABLE_TESTABILITY = YES;
				GCC_C_LANGUAGE_STANDARD = gnu11;
				GCC_DYNAMIC_NO_PIC = NO;
				GCC_NO_COMMON_BLOCKS = YES;
				GCC_OPTIMIZATION_LEVEL = 0;
				GCC_PREPROCESSOR_DEFINITIONS = (
					"DEBUG=1",
					"$(inherited)",
				);
				GCC_WARN_64_TO_32_BIT_CONVERSION = YES;
				GCC_WARN_ABOUT_RETURN_TYPE = YES_ERROR;
				GCC_WARN_UNDECLARED_SELECTOR = YES;
				GCC_WARN_UNINITIALIZED_AUTOS = YES_AGGRESSIVE;
				GCC_WARN_UNUSED_FUNCTION = YES;
				GCC_WARN_UNUSED_VARIABLE = YES;
				IPHONEOS_DEPLOYMENT_TARGET = 14.0;
				MTL_ENABLE_DEBUG_INFO = INCLUDE_SOURCE;
				MTL_FAST_MATH = YES;
				ONLY_ACTIVE_ARCH = YES;
				SDKROOT = iphoneos;
				SWIFT_ACTIVE_COMPILATION_CONDITIONS = DEBUG;
				SWIFT_OPTIMIZATION_LEVEL = "-Onone";
			};
			name = Debug;
		};
		BFA64A17254FAB3B002E8ABE /* Release */ = {
			isa = XCBuildConfiguration;
			buildSettings = {
				ALWAYS_SEARCH_USER_PATHS = NO;
				CLANG_ANALYZER_NONNULL = YES;
				CLANG_ANALYZER_NUMBER_OBJECT_CONVERSION = YES_AGGRESSIVE;
				CLANG_CXX_LANGUAGE_STANDARD = "gnu++14";
				CLANG_CXX_LIBRARY = "libc++";
				CLANG_ENABLE_MODULES = YES;
				CLANG_ENABLE_OBJC_ARC = YES;
				CLANG_ENABLE_OBJC_WEAK = YES;
				CLANG_WARN_BLOCK_CAPTURE_AUTORELEASING = YES;
				CLANG_WARN_BOOL_CONVERSION = YES;
				CLANG_WARN_COMMA = YES;
				CLANG_WARN_CONSTANT_CONVERSION = YES;
				CLANG_WARN_DEPRECATED_OBJC_IMPLEMENTATIONS = YES;
				CLANG_WARN_DIRECT_OBJC_ISA_USAGE = YES_ERROR;
				CLANG_WARN_DOCUMENTATION_COMMENTS = YES;
				CLANG_WARN_EMPTY_BODY = YES;
				CLANG_WARN_ENUM_CONVERSION = YES;
				CLANG_WARN_INFINITE_RECURSION = YES;
				CLANG_WARN_INT_CONVERSION = YES;
				CLANG_WARN_NON_LITERAL_NULL_CONVERSION = YES;
				CLANG_WARN_OBJC_IMPLICIT_RETAIN_SELF = YES;
				CLANG_WARN_OBJC_LITERAL_CONVERSION = YES;
				CLANG_WARN_OBJC_ROOT_CLASS = YES_ERROR;
				CLANG_WARN_QUOTED_INCLUDE_IN_FRAMEWORK_HEADER = YES;
				CLANG_WARN_RANGE_LOOP_ANALYSIS = YES;
				CLANG_WARN_STRICT_PROTOTYPES = YES;
				CLANG_WARN_SUSPICIOUS_MOVE = YES;
				CLANG_WARN_UNGUARDED_AVAILABILITY = YES_AGGRESSIVE;
				CLANG_WARN_UNREACHABLE_CODE = YES;
				CLANG_WARN__DUPLICATE_METHOD_MATCH = YES;
				COPY_PHASE_STRIP = NO;
				DEBUG_INFORMATION_FORMAT = "dwarf-with-dsym";
				ENABLE_NS_ASSERTIONS = NO;
				ENABLE_STRICT_OBJC_MSGSEND = YES;
				GCC_C_LANGUAGE_STANDARD = gnu11;
				GCC_NO_COMMON_BLOCKS = YES;
				GCC_WARN_64_TO_32_BIT_CONVERSION = YES;
				GCC_WARN_ABOUT_RETURN_TYPE = YES_ERROR;
				GCC_WARN_UNDECLARED_SELECTOR = YES;
				GCC_WARN_UNINITIALIZED_AUTOS = YES_AGGRESSIVE;
				GCC_WARN_UNUSED_FUNCTION = YES;
				GCC_WARN_UNUSED_VARIABLE = YES;
				IPHONEOS_DEPLOYMENT_TARGET = 14.0;
				MTL_ENABLE_DEBUG_INFO = NO;
				MTL_FAST_MATH = YES;
				SDKROOT = iphoneos;
				SWIFT_COMPILATION_MODE = wholemodule;
				SWIFT_OPTIMIZATION_LEVEL = "-O";
				VALIDATE_PRODUCT = YES;
			};
			name = Release;
		};
		BFA64A19254FAB3B002E8ABE /* Debug */ = {
			isa = XCBuildConfiguration;
			buildSettings = {
				ASSETCATALOG_COMPILER_APPICON_NAME = AppIcon;
				ASSETCATALOG_COMPILER_GLOBAL_ACCENT_COLOR_NAME = AccentColor;
				CODE_SIGN_STYLE = Automatic;
				DEVELOPMENT_TEAM = BX7994P496;
				INFOPLIST_FILE = iOS14NewFeature/Info.plist;
				LD_RUNPATH_SEARCH_PATHS = (
					"$(inherited)",
					"@executable_path/Frameworks",
				);
				PRODUCT_BUNDLE_IDENTIFIER = "com.tommy10344.iOS14-NewFeature";
				PRODUCT_NAME = "$(TARGET_NAME)";
				SWIFT_VERSION = 5.0;
				TARGETED_DEVICE_FAMILY = "1,2";
			};
			name = Debug;
		};
		BFA64A1A254FAB3B002E8ABE /* Release */ = {
			isa = XCBuildConfiguration;
			buildSettings = {
				ASSETCATALOG_COMPILER_APPICON_NAME = AppIcon;
				ASSETCATALOG_COMPILER_GLOBAL_ACCENT_COLOR_NAME = AccentColor;
				CODE_SIGN_STYLE = Automatic;
				DEVELOPMENT_TEAM = BX7994P496;
				INFOPLIST_FILE = iOS14NewFeature/Info.plist;
				LD_RUNPATH_SEARCH_PATHS = (
					"$(inherited)",
					"@executable_path/Frameworks",
				);
				PRODUCT_BUNDLE_IDENTIFIER = "com.tommy10344.iOS14-NewFeature";
				PRODUCT_NAME = "$(TARGET_NAME)";
				SWIFT_VERSION = 5.0;
				TARGETED_DEVICE_FAMILY = "1,2";
			};
			name = Release;
		};
/* End XCBuildConfiguration section */

/* Begin XCConfigurationList section */
		BFA649FF254FAB3A002E8ABE /* Build configuration list for PBXProject "iOS14NewFeature" */ = {
			isa = XCConfigurationList;
			buildConfigurations = (
				BFA64A16254FAB3B002E8ABE /* Debug */,
				BFA64A17254FAB3B002E8ABE /* Release */,
			);
			defaultConfigurationIsVisible = 0;
			defaultConfigurationName = Release;
		};
		BFA64A18254FAB3B002E8ABE /* Build configuration list for PBXNativeTarget "iOS14NewFeature" */ = {
			isa = XCConfigurationList;
			buildConfigurations = (
				BFA64A19254FAB3B002E8ABE /* Debug */,
				BFA64A1A254FAB3B002E8ABE /* Release */,
			);
			defaultConfigurationIsVisible = 0;
			defaultConfigurationName = Release;
		};
/* End XCConfigurationList section */
	};
	rootObject = BFA649FC254FAB3A002E8ABE /* Project object */;
}
